
Microsoft Visual Studio Solution File, Format Version 12.00
# Visual Studio 14
VisualStudioVersion = 14.0.22823.1
MinimumVisualStudioVersion = 10.0.40219.1
Project("{8BB2217D-0F2D-49D1-97BC-3654ED321F3B}") = "GameChat.Web", "GameChat.Web\GameChat.Web.xproj", "{CE9FD45B-E336-4BE7-9585-E4398E0A42E5}"
EndProject
Project("{FAE04EC0-301F-11D3-BF4B-00C04F79EFBC}") = "GameChat.Plugins.TShock", "GameChat.Plugins.TShock\GameChat.Plugins.TShock.csproj", "{6C4F7F98-9099-4CF3-9E8D-358304684BE5}"
EndProject
Project("{8BB2217D-0F2D-49D1-97BC-3654ED321F3B}") = "GameChat.Web.TShock", "GameChat.Web.TShock\GameChat.Web.TShock.xproj", "{39104259-AB28-4A73-A022-EAD631976CE5}"
EndProject
Project("{2150E333-8FDC-42A3-9474-1A3956D46DE8}") = "Solution Items", "Solution Items", "{DBEAC35A-CC56-4538-A755-28DF5F1959D8}"
	ProjectSection(SolutionItems) = preProject
		README.md = README.md
	EndProjectSection
EndProject
Global
	GlobalSection(SolutionConfigurationPlatforms) = preSolution
		Debug|Any CPU = Debug|Any CPU
		Release|Any CPU = Release|Any CPU
	EndGlobalSection
	GlobalSection(ProjectConfigurationPlatforms) = postSolution
		{CE9FD45B-E336-4BE7-9585-E4398E0A42E5}.Debug|Any CPU.ActiveCfg = Debug|Any CPU
		{CE9FD45B-E336-4BE7-9585-E4398E0A42E5}.Debug|Any CPU.Build.0 = Debug|Any CPU
		{CE9FD45B-E336-4BE7-9585-E4398E0A42E5}.Release|Any CPU.ActiveCfg = Release|Any CPU
		{CE9FD45B-E336-4BE7-9585-E4398E0A42E5}.Release|Any CPU.Build.0 = Release|Any CPU
		{6C4F7F98-9099-4CF3-9E8D-358304684BE5}.Debug|Any CPU.ActiveCfg = Debug|Any CPU
		{6C4F7F98-9099-4CF3-9E8D-358304684BE5}.Debug|Any CPU.Build.0 = Debug|Any CPU
		{6C4F7F98-9099-4CF3-9E8D-358304684BE5}.Release|Any CPU.ActiveCfg = Release|Any CPU
		{6C4F7F98-9099-4CF3-9E8D-358304684BE5}.Release|Any CPU.Build.0 = Release|Any CPU
		{39104259-AB28-4A73-A022-EAD631976CE5}.Debug|Any CPU.ActiveCfg = Debug|Any CPU
		{39104259-AB28-4A73-A022-EAD631976CE5}.Debug|Any CPU.Build.0 = Debug|Any CPU
		{39104259-AB28-4A73-A022-EAD631976CE5}.Release|Any CPU.ActiveCfg = Release|Any CPU
		{39104259-AB28-4A73-A022-EAD631976CE5}.Release|Any CPU.Build.0 = Release|Any CPU
	EndGlobalSection
	GlobalSection(SolutionProperties) = preSolution
		HideSolutionNode = FALSE
	EndGlobalSection
EndGlobal
